<?xml version="1.0" encoding="utf-8"?>
<Project ToolsVersion="4.0" xmlns="http://schemas.microsoft.com/developer/msbuild/2003">
  <ItemGroup>
    <Filter Include="Input">
      <UniqueIdentifier>{953A660D-014F-8EBE-CAD0-311E36A48AEF}</UniqueIdentifier>
    </Filter>
    <Filter Include="System">
      <UniqueIdentifier>{6AD049D2-5672-74A8-3F2D-88FC2B6EFBF8}</UniqueIdentifier>
    </Filter>
    <Filter Include="Tools">
      <UniqueIdentifier>{16CF2D0E-82E3-55BF-4B65-F91EB73852F0}</UniqueIdentifier>
    </Filter>
  </ItemGroup>
  <ItemGroup>
    <ClInclude Include="src\Application.h" />
    <ClInclude Include="src\Input\InputManager.h">
      <Filter>Input</Filter>
    </ClInclude>
    <ClInclude Include="src\Input\Keyboard.h">
      <Filter>Input</Filter>
    </ClInclude>
    <ClInclude Include="src\Input\Mouse.h">
      <Filter>Input</Filter>
    </ClInclude>
    <ClInclude Include="src\System\RenderWindow.h">
      <Filter>System</Filter>
    </ClInclude>
    <ClInclude Include="src\Tools\Log.h">
      <Filter>Tools</Filter>
    </ClInclude>
    <ClInclude Include="src\Tools\StringConvertor.h">
      <Filter>Tools</Filter>
    </ClInclude>
    <ClInclude Include="src\mzpch.h" />
  </ItemGroup>
  <ItemGroup>
    <ClCompile Include="src\Application.cpp" />
    <ClCompile Include="src\Input\InputManager.cpp">
      <Filter>Input</Filter>
    </ClCompile>
    <ClCompile Include="src\Input\Keyboard.cpp">
      <Filter>Input</Filter>
    </ClCompile>
    <ClCompile Include="src\Input\Mouse.cpp">
      <Filter>Input</Filter>
    </ClCompile>
    <ClCompile Include="src\Source.cpp" />
    <ClCompile Include="src\System\RenderWindow.cpp">
      <Filter>System</Filter>
    </ClCompile>
    <ClCompile Include="src\Tools\Log.cpp">
      <Filter>Tools</Filter>
    </ClCompile>
    <ClCompile Include="src\Tools\StringConvertor.cpp">
      <Filter>Tools</Filter>
    </ClCompile>
    <ClCompile Include="src\mzpch.cpp" />
  </ItemGroup>
</Project>